// !$*UTF8*$!
{
	archiveVersion = 1;
	classes = {
	};
	objectVersion = 46;
	objects = {

/* Begin PBXBuildFile section */
		EE09A75115E5720E005A321B /* main.c in Sources */ = {isa = PBXBuildFile; fileRef = EE09A75015E5720E005A321B /* main.c */; };
		EE09A75315E5720E005A321B /* Compressor.1 in CopyFiles */ = {isa = PBXBuildFile; fileRef = EE09A75215E5720E005A321B /* Compressor.1 */; };
		EE0F3D1715E7B3EC0042FD25 /* priority_queue.c in Sources */ = {isa = PBXBuildFile; fileRef = EE0F3D1615E7B3EC0042FD25 /* priority_queue.c */; };
		EE0F3D1C15E80BA20042FD25 /* count_dictionary.c in Sources */ = {isa = PBXBuildFile; fileRef = EE0F3D1B15E80BA20042FD25 /* count_dictionary.c */; };
		EE0F3D1F15E813D50042FD25 /* compressor.c in Sources */ = {isa = PBXBuildFile; fileRef = EE0F3D1E15E813D50042FD25 /* compressor.c */; };
		EE0F3D2B15EAC0640042FD25 /* bit_stream.c in Sources */ = {isa = PBXBuildFile; fileRef = EE0F3D2A15EAC0640042FD25 /* bit_stream.c */; };
		EE0F3D2E15EBBC720042FD25 /* code_dictionary.c in Sources */ = {isa = PBXBuildFile; fileRef = EE0F3D2D15EBBC720042FD25 /* code_dictionary.c */; };
		EE77557315F016F100D5F242 /* makefile in Sources */ = {isa = PBXBuildFile; fileRef = EE77557215F016F100D5F242 /* makefile */; };
		EE9363DB15E6D1E900EFE18F /* tree.c in Sources */ = {isa = PBXBuildFile; fileRef = EE9363DA15E6D1E900EFE18F /* tree.c */; };
		EE9363E015E6DAED00EFE18F /* bit_operations.c in Sources */ = {isa = PBXBuildFile; fileRef = EE9363DF15E6DAED00EFE18F /* bit_operations.c */; };
/* End PBXBuildFile section */

/* Begin PBXCopyFilesBuildPhase section */
		EE09A74A15E5720E005A321B /* CopyFiles */ = {
			isa = PBXCopyFilesBuildPhase;
			buildActionMask = 2147483647;
			dstPath = /usr/share/man/man1/;
			dstSubfolderSpec = 0;
			files = (
				EE09A75315E5720E005A321B /* Compressor.1 in CopyFiles */,
			);
			runOnlyForDeploymentPostprocessing = 1;
		};
/* End PBXCopyFilesBuildPhase section */

/* Begin PBXFileReference section */
		EE09A74C15E5720E005A321B /* Compressor */ = {isa = PBXFileReference; explicitFileType = "compiled.mach-o.executable"; includeInIndex = 0; path = Compressor; sourceTree = BUILT_PRODUCTS_DIR; };
		EE09A75015E5720E005A321B /* main.c */ = {isa = PBXFileReference; lastKnownFileType = sourcecode.c.c; path = main.c; sourceTree = "<group>"; };
		EE09A75215E5720E005A321B /* Compressor.1 */ = {isa = PBXFileReference; lastKnownFileType = text.man; path = Compressor.1; sourceTree = "<group>"; };
		EE0F3D1615E7B3EC0042FD25 /* priority_queue.c */ = {isa = PBXFileReference; fileEncoding = 4; lastKnownFileType = sourcecode.c.c; lineEnding = 0; path = priority_queue.c; sourceTree = "<group>"; xcLanguageSpecificationIdentifier = xcode.lang.c; };
		EE0F3D1915E7B3F70042FD25 /* priority_queue.h */ = {isa = PBXFileReference; lastKnownFileType = sourcecode.c.h; lineEnding = 0; path = priority_queue.h; sourceTree = "<group>"; xcLanguageSpecificationIdentifier = xcode.lang.objcpp; };
		EE0F3D1A15E809BE0042FD25 /* count_dictionary.h */ = {isa = PBXFileReference; lastKnownFileType = sourcecode.c.h; lineEnding = 0; path = count_dictionary.h; sourceTree = "<group>"; xcLanguageSpecificationIdentifier = xcode.lang.objcpp; };
		EE0F3D1B15E80BA20042FD25 /* count_dictionary.c */ = {isa = PBXFileReference; fileEncoding = 4; lastKnownFileType = sourcecode.c.c; lineEnding = 0; path = count_dictionary.c; sourceTree = "<group>"; xcLanguageSpecificationIdentifier = xcode.lang.c; };
		EE0F3D1D15E813CC0042FD25 /* compressor.h */ = {isa = PBXFileReference; lastKnownFileType = sourcecode.c.h; path = compressor.h; sourceTree = "<group>"; };
		EE0F3D1E15E813D50042FD25 /* compressor.c */ = {isa = PBXFileReference; fileEncoding = 4; lastKnownFileType = sourcecode.c.c; path = compressor.c; sourceTree = "<group>"; };
		EE0F3D2815EAC0570042FD25 /* bit_stream.h */ = {isa = PBXFileReference; lastKnownFileType = sourcecode.c.h; path = bit_stream.h; sourceTree = "<group>"; };
		EE0F3D2A15EAC0640042FD25 /* bit_stream.c */ = {isa = PBXFileReference; fileEncoding = 4; lastKnownFileType = sourcecode.c.c; path = bit_stream.c; sourceTree = "<group>"; };
		EE0F3D2C15EBBC6A0042FD25 /* code_dictionary.h */ = {isa = PBXFileReference; lastKnownFileType = sourcecode.c.h; path = code_dictionary.h; sourceTree = "<group>"; };
		EE0F3D2D15EBBC720042FD25 /* code_dictionary.c */ = {isa = PBXFileReference; fileEncoding = 4; lastKnownFileType = sourcecode.c.c; path = code_dictionary.c; sourceTree = "<group>"; };
		EE77557215F016F100D5F242 /* makefile */ = {isa = PBXFileReference; fileEncoding = 4; lastKnownFileType = sourcecode.make; path = makefile; sourceTree = "<group>"; };
		EE9363DA15E6D1E900EFE18F /* tree.c */ = {isa = PBXFileReference; fileEncoding = 4; lastKnownFileType = sourcecode.c.c; path = tree.c; sourceTree = "<group>"; };
		EE9363DD15E6D1FA00EFE18F /* tree.h */ = {isa = PBXFileReference; lastKnownFileType = sourcecode.c.h; path = tree.h; sourceTree = "<group>"; };
		EE9363DE15E6D38800EFE18F /* bit_operations.h */ = {isa = PBXFileReference; lastKnownFileType = sourcecode.c.h; path = bit_operations.h; sourceTree = "<group>"; };
		EE9363DF15E6DAED00EFE18F /* bit_operations.c */ = {isa = PBXFileReference; fileEncoding = 4; lastKnownFileType = sourcecode.c.c; path = bit_operations.c; sourceTree = "<group>"; };
/* End PBXFileReference section */

/* Begin PBXFrameworksBuildPhase section */
		EE09A74915E5720E005A321B /* Frameworks */ = {
			isa = PBXFrameworksBuildPhase;
			buildActionMask = 2147483647;
			files = (
			);
			runOnlyForDeploymentPostprocessing = 0;
		};
/* End PBXFrameworksBuildPhase section */

/* Begin PBXGroup section */
		EE09A74115E5720E005A321B = {
			isa = PBXGroup;
			children = (
				EE09A74F15E5720E005A321B /* Compressor */,
				EE09A74D15E5720E005A321B /* Products */,
			);
			sourceTree = "<group>";
		};
		EE09A74D15E5720E005A321B /* Products */ = {
			isa = PBXGroup;
			children = (
				EE09A74C15E5720E005A321B /* Compressor */,
			);
			name = Products;
			sourceTree = "<group>";
		};
		EE09A74F15E5720E005A321B /* Compressor */ = {
			isa = PBXGroup;
			children = (
				EE09A75015E5720E005A321B /* main.c */,
				EE9363DE15E6D38800EFE18F /* bit_operations.h */,
				EE9363DF15E6DAED00EFE18F /* bit_operations.c */,
				EE09A75215E5720E005A321B /* Compressor.1 */,
				EE9363DA15E6D1E900EFE18F /* tree.c */,
				EE9363DD15E6D1FA00EFE18F /* tree.h */,
				EE0F3D1615E7B3EC0042FD25 /* priority_queue.c */,
				EE0F3D1915E7B3F70042FD25 /* priority_queue.h */,
				EE0F3D1B15E80BA20042FD25 /* count_dictionary.c */,
				EE0F3D1A15E809BE0042FD25 /* count_dictionary.h */,
				EE0F3D1D15E813CC0042FD25 /* compressor.h */,
				EE0F3D1E15E813D50042FD25 /* compressor.c */,
				EE0F3D2815EAC0570042FD25 /* bit_stream.h */,
				EE0F3D2A15EAC0640042FD25 /* bit_stream.c */,
				EE0F3D2C15EBBC6A0042FD25 /* code_dictionary.h */,
				EE0F3D2D15EBBC720042FD25 /* code_dictionary.c */,
				EE77557215F016F100D5F242 /* makefile */,
			);
			path = Compressor;
			sourceTree = "<group>";
		};
/* End PBXGroup section */

/* Begin PBXNativeTarget section */
		EE09A74B15E5720E005A321B /* compressor */ = {
			isa = PBXNativeTarget;
			buildConfigurationList = EE09A75615E5720E005A321B /* Build configuration list for PBXNativeTarget "compressor" */;
			buildPhases = (
				EE09A74815E5720E005A321B /* Sources */,
				EE09A74915E5720E005A321B /* Frameworks */,
				EE09A74A15E5720E005A321B /* CopyFiles */,
			);
			buildRules = (
			);
			dependencies = (
			);
			name = compressor;
			productName = Compressor;
			productReference = EE09A74C15E5720E005A321B /* Compressor */;
			productType = "com.apple.product-type.tool";
		};
/* End PBXNativeTarget section */

/* Begin PBXProject section */
		EE09A74315E5720E005A321B /* Project object */ = {
			isa = PBXProject;
			attributes = {
				LastUpgradeCheck = 0440;
				ORGANIZATIONNAME = "Krzysztof Gabis";
			};
			buildConfigurationList = EE09A74615E5720E005A321B /* Build configuration list for PBXProject "Compressor" */;
			compatibilityVersion = "Xcode 3.2";
			developmentRegion = English;
			hasScannedForEncodings = 0;
			knownRegions = (
				en,
			);
			mainGroup = EE09A74115E5720E005A321B;
			productRefGroup = EE09A74D15E5720E005A321B /* Products */;
			projectDirPath = "";
			projectRoot = "";
			targets = (
				EE09A74B15E5720E005A321B /* compressor */,
			);
		};
/* End PBXProject section */

/* Begin PBXSourcesBuildPhase section */
		EE09A74815E5720E005A321B /* Sources */ = {
			isa = PBXSourcesBuildPhase;
			buildActionMask = 2147483647;
			files = (
				EE09A75115E5720E005A321B /* main.c in Sources */,
				EE9363DB15E6D1E900EFE18F /* tree.c in Sources */,
				EE9363E015E6DAED00EFE18F /* bit_operations.c in Sources */,
				EE0F3D1715E7B3EC0042FD25 /* priority_queue.c in Sources */,
				EE0F3D1C15E80BA20042FD25 /* count_dictionary.c in Sources */,
				EE0F3D1F15E813D50042FD25 /* compressor.c in Sources */,
				EE0F3D2B15EAC0640042FD25 /* bit_stream.c in Sources */,
				EE0F3D2E15EBBC720042FD25 /* code_dictionary.c in Sources */,
				EE77557315F016F100D5F242 /* makefile in Sources */,
			);
			runOnlyForDeploymentPostprocessing = 0;
		};
/* End PBXSourcesBuildPhase section */

/* Begin XCBuildConfiguration section */
		EE09A75415E5720E005A321B /* Debug */ = {
			isa = XCBuildConfiguration;
			buildSettings = {
				ALWAYS_SEARCH_USER_PATHS = NO;
				ARCHS = "$(ARCHS_STANDARD_64_BIT)";
				CLANG_CXX_LANGUAGE_STANDARD = "gnu++0x";
				CLANG_WARN__DUPLICATE_METHOD_MATCH = YES;
				COPY_PHASE_STRIP = NO;
				GCC_C_LANGUAGE_STANDARD = gnu99;
				GCC_DYNAMIC_NO_PIC = NO;
				GCC_ENABLE_OBJC_EXCEPTIONS = YES;
				GCC_OPTIMIZATION_LEVEL = 0;
				GCC_PREPROCESSOR_DEFINITIONS = (
					"DEBUG=1",
					"$(inherited)",
				);
				GCC_SYMBOLS_PRIVATE_EXTERN = NO;
				GCC_WARN_64_TO_32_BIT_CONVERSION = YES;
				GCC_WARN_ABOUT_RETURN_TYPE = YES;
				GCC_WARN_UNINITIALIZED_AUTOS = YES;
				GCC_WARN_UNUSED_VARIABLE = YES;
				MACOSX_DEPLOYMENT_TARGET = 10.8;
				ONLY_ACTIVE_ARCH = YES;
				SDKROOT = macosx;
			};
			name = Debug;
		};
		EE09A75515E5720E005A321B /* Release */ = {
			isa = XCBuildConfiguration;
			buildSettings = {
				ALWAYS_SEARCH_USER_PATHS = NO;
				ARCHS = "$(ARCHS_STANDARD_64_BIT)";
				CLANG_CXX_LANGUAGE_STANDARD = "gnu++0x";
				CLANG_WARN__DUPLICATE_METHOD_MATCH = YES;
				COPY_PHASE_STRIP = YES;
				DEBUG_INFORMATION_FORMAT = "dwarf-with-dsym";
				GCC_C_LANGUAGE_STANDARD = gnu99;
				GCC_ENABLE_OBJC_EXCEPTIONS = YES;
				GCC_WARN_64_TO_32_BIT_CONVERSION = YES;
				GCC_WARN_ABOUT_RETURN_TYPE = YES;
				GCC_WARN_UNINITIALIZED_AUTOS = YES;
				GCC_WARN_UNUSED_VARIABLE = YES;
				MACOSX_DEPLOYMENT_TARGET = 10.8;
				SDKROOT = macosx;
			};
			name = Release;
		};
		EE09A75715E5720E005A321B /* Debug */ = {
			isa = XCBuildConfiguration;
			buildSettings = {
				PRODUCT_NAME = "$(TARGET_NAME)";
			};
			name = Debug;
		};
		EE09A75815E5720E005A321B /* Release */ = {
			isa = XCBuildConfiguration;
			buildSettings = {
				PRODUCT_NAME = "$(TARGET_NAME)";
			};
			name = Release;
		};
/* End XCBuildConfiguration section */

/* Begin XCConfigurationList section */
		EE09A74615E5720E005A321B /* Build configuration list for PBXProject "Compressor" */ = {
			isa = XCConfigurationList;
			buildConfigurations = (
				EE09A75415E5720E005A321B /* Debug */,
				EE09A75515E5720E005A321B /* Release */,
			);
			defaultConfigurationIsVisible = 0;
			defaultConfigurationName = Release;
		};
		EE09A75615E5720E005A321B /* Build configuration list for PBXNativeTarget "compressor" */ = {
			isa = XCConfigurationList;
			buildConfigurations = (
				EE09A75715E5720E005A321B /* Debug */,
				EE09A75815E5720E005A321B /* Release */,
			);
			defaultConfigurationIsVisible = 0;
			defaultConfigurationName = Release;
		};
/* End XCConfigurationList section */
	};
	rootObject = EE09A74315E5720E005A321B /* Project object */;
}
